
Microsoft Visual Studio Solution File, Format Version 12.00
# Visual Studio Version 17
VisualStudioVersion = 17.4.33103.184
MinimumVisualStudioVersion = 10.0.40219.1
Project("{FAE04EC0-301F-11D3-BF4B-00C04F79EFBC}") = "Project", "Project\Project.csproj", "{6C39895F-FA95-4C91-B741-1F53D5D53481}"
EndProject
Global
	GlobalSection(SolutionConfigurationPlatforms) = preSolution
		Debug|Any CPU = Debug|Any CPU
		Release|Any CPU = Release|Any CPU
	EndGlobalSection
	GlobalSection(ProjectConfigurationPlatforms) = postSolution
		{6C39895F-FA95-4C91-B741-1F53D5D53481}.Debug|Any CPU.ActiveCfg = Debug|Any CPU
		{6C39895F-FA95-4C91-B741-1F53D5D53481}.Debug|Any CPU.Build.0 = Debug|Any CPU
		{6C39895F-FA95-4C91-B741-1F53D5D53481}.Release|Any CPU.ActiveCfg = Release|Any CPU
		{6C39895F-FA95-4C91-B741-1F53D5D53481}.Release|Any CPU.Build.0 = Release|Any CPU
	EndGlobalSection
	GlobalSection(SolutionProperties) = preSolution
		HideSolutionNode = FALSE
	EndGlobalSection
	GlobalSection(ExtensibilityGlobals) = postSolution
		SolutionGuid = {A578CFA4-EBBD-435B-8E36-968868240F8A}
	EndGlobalSection
EndGlobal
